
Microsoft Visual Studio Solution File, Format Version 12.00
# Visual Studio Version 17
VisualStudioVersion = 17.9.34728.123
MinimumVisualStudioVersion = 10.0.40219.1
Project("{9A19103F-16F7-4668-BE54-9A1E7A4F7556}") = "Flower", "Flower\Flower.csproj", "{2CFB3A95-2619-4399-91FE-3348E836845B}"
EndProject
Project("{9A19103F-16F7-4668-BE54-9A1E7A4F7556}") = "Flower.Android", "Flower.Android\Flower.Android.csproj", "{2A7D5507-CAA2-4A06-90A9-2DAFB77F6138}"
EndProject
Project("{9A19103F-16F7-4668-BE54-9A1E7A4F7556}") = "Flower.Desktop", "Flower.Desktop\Flower.Desktop.csproj", "{8F50D2EB-BF34-4FF6-A663-89ACD9F37390}"
EndProject
Project("{9A19103F-16F7-4668-BE54-9A1E7A4F7556}") = "Flower.iOS", "Flower.iOS\Flower.iOS.csproj", "{88619AA6-F380-46C7-B912-5DB7F28C2309}"
EndProject
Project("{FAE04EC0-301F-11D3-BF4B-00C04F79EFBC}") = "Flower.Core", "Flower.Core\Flower.Core.csproj", "{13E3662D-8D9F-4E92-9941-9024C3511647}"
EndProject
Project("{FAE04EC0-301F-11D3-BF4B-00C04F79EFBC}") = "Flower.Server", "Flower.Server\Flower.Server.csproj", "{BC95BEA8-433A-40D5-8BAF-075F42D72DAD}"
EndProject
Project("{FAE04EC0-301F-11D3-BF4B-00C04F79EFBC}") = "Flower.Web", "Flower.Web\Flower.Web.csproj", "{076635ED-6BD9-4252-AB34-225C9633FD74}"
EndProject
Project("{FAE04EC0-301F-11D3-BF4B-00C04F79EFBC}") = "Flower.MacOS", "Flower.MacOS\Flower.MacOS.csproj", "{D63557B2-25CB-42DA-A9BA-1A7767CACED4}"
EndProject
Project("{2150E333-8FDC-42A3-9474-1A3956D46DE8}") = "Tests", "Tests", "{0AB3BF05-4346-4AA6-1389-037BE0695223}"
EndProject
Project("{FAE04EC0-301F-11D3-BF4B-00C04F79EFBC}") = "Flower.Tests", "Tests\Flower.Tests\Flower.Tests.csproj", "{E80745A7-4E57-48A3-86A5-B9C69D87ADF8}"
EndProject
Project("{FAE04EC0-301F-11D3-BF4B-00C04F79EFBC}") = "Flower.DeviceChecks", "Tests\Flower.DeviceChecks\Flower.DeviceChecks.csproj", "{C8C5783E-6FE0-479F-9707-34EAF6195108}"
EndProject
Project("{FAE04EC0-301F-11D3-BF4B-00C04F79EFBC}") = "Flower.Server.Tests", "Tests\Flower.Server.Tests\Flower.Server.Tests.csproj", "{07235102-BFB2-4048-8B97-0C567C323278}"
EndProject
Project("{FAE04EC0-301F-11D3-BF4B-00C04F79EFBC}") = "Flower.DeviceChecks.iOS", "Tests\Flower.DeviceChecks.iOS\Flower.DeviceChecks.iOS.csproj", "{48D09F0D-8E98-40C9-B7CE-AB4BA77B101F}"
EndProject
Project("{FAE04EC0-301F-11D3-BF4B-00C04F79EFBC}") = "Flower.DeviceChecks.Android", "Tests\Flower.DeviceChecks.Android\Flower.DeviceChecks.Android.csproj", "{3C21F583-ADCC-4575-91AF-565DA47D6675}"
EndProject
Global
	GlobalSection(SolutionConfigurationPlatforms) = preSolution
		Debug|Any CPU = Debug|Any CPU
		Debug|x64 = Debug|x64
		Debug|x86 = Debug|x86
		Release|Any CPU = Release|Any CPU
		Release|x64 = Release|x64
		Release|x86 = Release|x86
	EndGlobalSection
	GlobalSection(ProjectConfigurationPlatforms) = postSolution
		{2CFB3A95-2619-4399-91FE-3348E836845B}.Debug|Any CPU.ActiveCfg = Debug|Any CPU
		{2CFB3A95-2619-4399-91FE-3348E836845B}.Debug|Any CPU.Build.0 = Debug|Any CPU
		{2CFB3A95-2619-4399-91FE-3348E836845B}.Debug|x64.ActiveCfg = Debug|Any CPU
		{2CFB3A95-2619-4399-91FE-3348E836845B}.Debug|x64.Build.0 = Debug|Any CPU
		{2CFB3A95-2619-4399-91FE-3348E836845B}.Debug|x86.ActiveCfg = Debug|Any CPU
		{2CFB3A95-2619-4399-91FE-3348E836845B}.Debug|x86.Build.0 = Debug|Any CPU
		{2CFB3A95-2619-4399-91FE-3348E836845B}.Release|Any CPU.ActiveCfg = Release|Any CPU
		{2CFB3A95-2619-4399-91FE-3348E836845B}.Release|Any CPU.Build.0 = Release|Any CPU
		{2CFB3A95-2619-4399-91FE-3348E836845B}.Release|x64.ActiveCfg = Release|Any CPU
		{2CFB3A95-2619-4399-91FE-3348E836845B}.Release|x64.Build.0 = Release|Any CPU
		{2CFB3A95-2619-4399-91FE-3348E836845B}.Release|x86.ActiveCfg = Release|Any CPU
		{2CFB3A95-2619-4399-91FE-3348E836845B}.Release|x86.Build.0 = Release|Any CPU
		{2A7D5507-CAA2-4A06-90A9-2DAFB77F6138}.Debug|Any CPU.ActiveCfg = Debug|Any CPU
		{2A7D5507-CAA2-4A06-90A9-2DAFB77F6138}.Debug|Any CPU.Build.0 = Debug|Any CPU
		{2A7D5507-CAA2-4A06-90A9-2DAFB77F6138}.Debug|x64.ActiveCfg = Debug|Any CPU
		{2A7D5507-CAA2-4A06-90A9-2DAFB77F6138}.Debug|x64.Build.0 = Debug|Any CPU
		{2A7D5507-CAA2-4A06-90A9-2DAFB77F6138}.Debug|x86.ActiveCfg = Debug|Any CPU
		{2A7D5507-CAA2-4A06-90A9-2DAFB77F6138}.Debug|x86.Build.0 = Debug|Any CPU
		{2A7D5507-CAA2-4A06-90A9-2DAFB77F6138}.Release|Any CPU.ActiveCfg = Release|Any CPU
		{2A7D5507-CAA2-4A06-90A9-2DAFB77F6138}.Release|Any CPU.Build.0 = Release|Any CPU
		{2A7D5507-CAA2-4A06-90A9-2DAFB77F6138}.Release|x64.ActiveCfg = Release|Any CPU
		{2A7D5507-CAA2-4A06-90A9-2DAFB77F6138}.Release|x64.Build.0 = Release|Any CPU
		{2A7D5507-CAA2-4A06-90A9-2DAFB77F6138}.Release|x86.ActiveCfg = Release|Any CPU
		{2A7D5507-CAA2-4A06-90A9-2DAFB77F6138}.Release|x86.Build.0 = Release|Any CPU
		{8F50D2EB-BF34-4FF6-A663-89ACD9F37390}.Debug|Any CPU.ActiveCfg = Debug|Any CPU
		{8F50D2EB-BF34-4FF6-A663-89ACD9F37390}.Debug|Any CPU.Build.0 = Debug|Any CPU
		{8F50D2EB-BF34-4FF6-A663-89ACD9F37390}.Debug|x64.ActiveCfg = Debug|Any CPU
		{8F50D2EB-BF34-4FF6-A663-89ACD9F37390}.Debug|x64.Build.0 = Debug|Any CPU
		{8F50D2EB-BF34-4FF6-A663-89ACD9F37390}.Debug|x86.ActiveCfg = Debug|Any CPU
		{8F50D2EB-BF34-4FF6-A663-89ACD9F37390}.Debug|x86.Build.0 = Debug|Any CPU
		{8F50D2EB-BF34-4FF6-A663-89ACD9F37390}.Release|Any CPU.ActiveCfg = Release|Any CPU
		{8F50D2EB-BF34-4FF6-A663-89ACD9F37390}.Release|Any CPU.Build.0 = Release|Any CPU
		{8F50D2EB-BF34-4FF6-A663-89ACD9F37390}.Release|x64.ActiveCfg = Release|Any CPU
		{8F50D2EB-BF34-4FF6-A663-89ACD9F37390}.Release|x64.Build.0 = Release|Any CPU
		{8F50D2EB-BF34-4FF6-A663-89ACD9F37390}.Release|x86.ActiveCfg = Release|Any CPU
		{8F50D2EB-BF34-4FF6-A663-89ACD9F37390}.Release|x86.Build.0 = Release|Any CPU
		{88619AA6-F380-46C7-B912-5DB7F28C2309}.Debug|Any CPU.ActiveCfg = Debug|Any CPU
		{88619AA6-F380-46C7-B912-5DB7F28C2309}.Debug|Any CPU.Build.0 = Debug|Any CPU
		{88619AA6-F380-46C7-B912-5DB7F28C2309}.Debug|x64.ActiveCfg = Debug|Any CPU
		{88619AA6-F380-46C7-B912-5DB7F28C2309}.Debug|x64.Build.0 = Debug|Any CPU
		{88619AA6-F380-46C7-B912-5DB7F28C2309}.Debug|x86.ActiveCfg = Debug|Any CPU
		{88619AA6-F380-46C7-B912-5DB7F28C2309}.Debug|x86.Build.0 = Debug|Any CPU
		{88619AA6-F380-46C7-B912-5DB7F28C2309}.Release|Any CPU.ActiveCfg = Release|Any CPU
		{88619AA6-F380-46C7-B912-5DB7F28C2309}.Release|Any CPU.Build.0 = Release|Any CPU
		{88619AA6-F380-46C7-B912-5DB7F28C2309}.Release|x64.ActiveCfg = Release|Any CPU
		{88619AA6-F380-46C7-B912-5DB7F28C2309}.Release|x64.Build.0 = Release|Any CPU
		{88619AA6-F380-46C7-B912-5DB7F28C2309}.Release|x86.ActiveCfg = Release|Any CPU
		{88619AA6-F380-46C7-B912-5DB7F28C2309}.Release|x86.Build.0 = Release|Any CPU
		{13E3662D-8D9F-4E92-9941-9024C3511647}.Debug|Any CPU.ActiveCfg = Debug|Any CPU
		{13E3662D-8D9F-4E92-9941-9024C3511647}.Debug|Any CPU.Build.0 = Debug|Any CPU
		{13E3662D-8D9F-4E92-9941-9024C3511647}.Debug|x64.ActiveCfg = Debug|Any CPU
		{13E3662D-8D9F-4E92-9941-9024C3511647}.Debug|x64.Build.0 = Debug|Any CPU
		{13E3662D-8D9F-4E92-9941-9024C3511647}.Debug|x86.ActiveCfg = Debug|Any CPU
		{13E3662D-8D9F-4E92-9941-9024C3511647}.Debug|x86.Build.0 = Debug|Any CPU
		{13E3662D-8D9F-4E92-9941-9024C3511647}.Release|Any CPU.ActiveCfg = Release|Any CPU
		{13E3662D-8D9F-4E92-9941-9024C3511647}.Release|Any CPU.Build.0 = Release|Any CPU
		{13E3662D-8D9F-4E92-9941-9024C3511647}.Release|x64.ActiveCfg = Release|Any CPU
		{13E3662D-8D9F-4E92-9941-9024C3511647}.Release|x64.Build.0 = Release|Any CPU
		{13E3662D-8D9F-4E92-9941-9024C3511647}.Release|x86.ActiveCfg = Release|Any CPU
		{13E3662D-8D9F-4E92-9941-9024C3511647}.Release|x86.Build.0 = Release|Any CPU
		{BC95BEA8-433A-40D5-8BAF-075F42D72DAD}.Debug|Any CPU.ActiveCfg = Debug|Any CPU
		{BC95BEA8-433A-40D5-8BAF-075F42D72DAD}.Debug|Any CPU.Build.0 = Debug|Any CPU
		{BC95BEA8-433A-40D5-8BAF-075F42D72DAD}.Debug|x64.ActiveCfg = Debug|Any CPU
		{BC95BEA8-433A-40D5-8BAF-075F42D72DAD}.Debug|x64.Build.0 = Debug|Any CPU
		{BC95BEA8-433A-40D5-8BAF-075F42D72DAD}.Debug|x86.ActiveCfg = Debug|Any CPU
		{BC95BEA8-433A-40D5-8BAF-075F42D72DAD}.Debug|x86.Build.0 = Debug|Any CPU
		{BC95BEA8-433A-40D5-8BAF-075F42D72DAD}.Release|Any CPU.ActiveCfg = Release|Any CPU
		{BC95BEA8-433A-40D5-8BAF-075F42D72DAD}.Release|Any CPU.Build.0 = Release|Any CPU
		{BC95BEA8-433A-40D5-8BAF-075F42D72DAD}.Release|x64.ActiveCfg = Release|Any CPU
		{BC95BEA8-433A-40D5-8BAF-075F42D72DAD}.Release|x64.Build.0 = Release|Any CPU
		{BC95BEA8-433A-40D5-8BAF-075F42D72DAD}.Release|x86.ActiveCfg = Release|Any CPU
		{BC95BEA8-433A-40D5-8BAF-075F42D72DAD}.Release|x86.Build.0 = Release|Any CPU
		{076635ED-6BD9-4252-AB34-225C9633FD74}.Debug|Any CPU.ActiveCfg = Debug|Any CPU
		{076635ED-6BD9-4252-AB34-225C9633FD74}.Debug|Any CPU.Build.0 = Debug|Any CPU
		{076635ED-6BD9-4252-AB34-225C9633FD74}.Debug|x64.ActiveCfg = Debug|Any CPU
		{076635ED-6BD9-4252-AB34-225C9633FD74}.Debug|x64.Build.0 = Debug|Any CPU
		{076635ED-6BD9-4252-AB34-225C9633FD74}.Debug|x86.ActiveCfg = Debug|Any CPU
		{076635ED-6BD9-4252-AB34-225C9633FD74}.Debug|x86.Build.0 = Debug|Any CPU
		{076635ED-6BD9-4252-AB34-225C9633FD74}.Release|Any CPU.ActiveCfg = Release|Any CPU
		{076635ED-6BD9-4252-AB34-225C9633FD74}.Release|Any CPU.Build.0 = Release|Any CPU
		{076635ED-6BD9-4252-AB34-225C9633FD74}.Release|x64.ActiveCfg = Release|Any CPU
		{076635ED-6BD9-4252-AB34-225C9633FD74}.Release|x64.Build.0 = Release|Any CPU
		{076635ED-6BD9-4252-AB34-225C9633FD74}.Release|x86.ActiveCfg = Release|Any CPU
		{076635ED-6BD9-4252-AB34-225C9633FD74}.Release|x86.Build.0 = Release|Any CPU
		{D63557B2-25CB-42DA-A9BA-1A7767CACED4}.Debug|Any CPU.ActiveCfg = Debug|Any CPU
		{D63557B2-25CB-42DA-A9BA-1A7767CACED4}.Debug|Any CPU.Build.0 = Debug|Any CPU
		{D63557B2-25CB-42DA-A9BA-1A7767CACED4}.Debug|x64.ActiveCfg = Debug|Any CPU
		{D63557B2-25CB-42DA-A9BA-1A7767CACED4}.Debug|x64.Build.0 = Debug|Any CPU
		{D63557B2-25CB-42DA-A9BA-1A7767CACED4}.Debug|x86.ActiveCfg = Debug|Any CPU
		{D63557B2-25CB-42DA-A9BA-1A7767CACED4}.Debug|x86.Build.0 = Debug|Any CPU
		{D63557B2-25CB-42DA-A9BA-1A7767CACED4}.Release|Any CPU.ActiveCfg = Release|Any CPU
		{D63557B2-25CB-42DA-A9BA-1A7767CACED4}.Release|Any CPU.Build.0 = Release|Any CPU
		{D63557B2-25CB-42DA-A9BA-1A7767CACED4}.Release|x64.ActiveCfg = Release|Any CPU
		{D63557B2-25CB-42DA-A9BA-1A7767CACED4}.Release|x64.Build.0 = Release|Any CPU
		{D63557B2-25CB-42DA-A9BA-1A7767CACED4}.Release|x86.ActiveCfg = Release|Any CPU
		{D63557B2-25CB-42DA-A9BA-1A7767CACED4}.Release|x86.Build.0 = Release|Any CPU
		{E80745A7-4E57-48A3-86A5-B9C69D87ADF8}.Debug|Any CPU.ActiveCfg = Debug|Any CPU
		{E80745A7-4E57-48A3-86A5-B9C69D87ADF8}.Debug|Any CPU.Build.0 = Debug|Any CPU
		{E80745A7-4E57-48A3-86A5-B9C69D87ADF8}.Debug|x64.ActiveCfg = Debug|Any CPU
		{E80745A7-4E57-48A3-86A5-B9C69D87ADF8}.Debug|x64.Build.0 = Debug|Any CPU
		{E80745A7-4E57-48A3-86A5-B9C69D87ADF8}.Debug|x86.ActiveCfg = Debug|Any CPU
		{E80745A7-4E57-48A3-86A5-B9C69D87ADF8}.Debug|x86.Build.0 = Debug|Any CPU
		{E80745A7-4E57-48A3-86A5-B9C69D87ADF8}.Release|Any CPU.ActiveCfg = Release|Any CPU
		{E80745A7-4E57-48A3-86A5-B9C69D87ADF8}.Release|Any CPU.Build.0 = Release|Any CPU
		{E80745A7-4E57-48A3-86A5-B9C69D87ADF8}.Release|x64.ActiveCfg = Release|Any CPU
		{E80745A7-4E57-48A3-86A5-B9C69D87ADF8}.Release|x64.Build.0 = Release|Any CPU
		{E80745A7-4E57-48A3-86A5-B9C69D87ADF8}.Release|x86.ActiveCfg = Release|Any CPU
		{E80745A7-4E57-48A3-86A5-B9C69D87ADF8}.Release|x86.Build.0 = Release|Any CPU
		{C8C5783E-6FE0-479F-9707-34EAF6195108}.Debug|Any CPU.ActiveCfg = Debug|Any CPU
		{C8C5783E-6FE0-479F-9707-34EAF6195108}.Debug|Any CPU.Build.0 = Debug|Any CPU
		{C8C5783E-6FE0-479F-9707-34EAF6195108}.Debug|x64.ActiveCfg = Debug|Any CPU
		{C8C5783E-6FE0-479F-9707-34EAF6195108}.Debug|x64.Build.0 = Debug|Any CPU
		{C8C5783E-6FE0-479F-9707-34EAF6195108}.Debug|x86.ActiveCfg = Debug|Any CPU
		{C8C5783E-6FE0-479F-9707-34EAF6195108}.Debug|x86.Build.0 = Debug|Any CPU
		{C8C5783E-6FE0-479F-9707-34EAF6195108}.Release|Any CPU.ActiveCfg = Release|Any CPU
		{C8C5783E-6FE0-479F-9707-34EAF6195108}.Release|Any CPU.Build.0 = Release|Any CPU
		{C8C5783E-6FE0-479F-9707-34EAF6195108}.Release|x64.ActiveCfg = Release|Any CPU
		{C8C5783E-6FE0-479F-9707-34EAF6195108}.Release|x64.Build.0 = Release|Any CPU
		{C8C5783E-6FE0-479F-9707-34EAF6195108}.Release|x86.ActiveCfg = Release|Any CPU
		{C8C5783E-6FE0-479F-9707-34EAF6195108}.Release|x86.Build.0 = Release|Any CPU
		{07235102-BFB2-4048-8B97-0C567C323278}.Debug|Any CPU.ActiveCfg = Debug|Any CPU
		{07235102-BFB2-4048-8B97-0C567C323278}.Debug|Any CPU.Build.0 = Debug|Any CPU
		{07235102-BFB2-4048-8B97-0C567C323278}.Debug|x64.ActiveCfg = Debug|Any CPU
		{07235102-BFB2-4048-8B97-0C567C323278}.Debug|x64.Build.0 = Debug|Any CPU
		{07235102-BFB2-4048-8B97-0C567C323278}.Debug|x86.ActiveCfg = Debug|Any CPU
		{07235102-BFB2-4048-8B97-0C567C323278}.Debug|x86.Build.0 = Debug|Any CPU
		{07235102-BFB2-4048-8B97-0C567C323278}.Release|Any CPU.ActiveCfg = Release|Any CPU
		{07235102-BFB2-4048-8B97-0C567C323278}.Release|Any CPU.Build.0 = Release|Any CPU
		{07235102-BFB2-4048-8B97-0C567C323278}.Release|x64.ActiveCfg = Release|Any CPU
		{07235102-BFB2-4048-8B97-0C567C323278}.Release|x64.Build.0 = Release|Any CPU
		{07235102-BFB2-4048-8B97-0C567C323278}.Release|x86.ActiveCfg = Release|Any CPU
		{07235102-BFB2-4048-8B97-0C567C323278}.Release|x86.Build.0 = Release|Any CPU
		{48D09F0D-8E98-40C9-B7CE-AB4BA77B101F}.Debug|Any CPU.ActiveCfg = Debug|Any CPU
		{48D09F0D-8E98-40C9-B7CE-AB4BA77B101F}.Debug|Any CPU.Build.0 = Debug|Any CPU
		{48D09F0D-8E98-40C9-B7CE-AB4BA77B101F}.Debug|x64.ActiveCfg = Debug|Any CPU
		{48D09F0D-8E98-40C9-B7CE-AB4BA77B101F}.Debug|x64.Build.0 = Debug|Any CPU
		{48D09F0D-8E98-40C9-B7CE-AB4BA77B101F}.Debug|x86.ActiveCfg = Debug|Any CPU
		{48D09F0D-8E98-40C9-B7CE-AB4BA77B101F}.Debug|x86.Build.0 = Debug|Any CPU
		{48D09F0D-8E98-40C9-B7CE-AB4BA77B101F}.Release|Any CPU.ActiveCfg = Release|Any CPU
		{48D09F0D-8E98-40C9-B7CE-AB4BA77B101F}.Release|Any CPU.Build.0 = Release|Any CPU
		{48D09F0D-8E98-40C9-B7CE-AB4BA77B101F}.Release|x64.ActiveCfg = Release|Any CPU
		{48D09F0D-8E98-40C9-B7CE-AB4BA77B101F}.Release|x64.Build.0 = Release|Any CPU
		{48D09F0D-8E98-40C9-B7CE-AB4BA77B101F}.Release|x86.ActiveCfg = Release|Any CPU
		{48D09F0D-8E98-40C9-B7CE-AB4BA77B101F}.Release|x86.Build.0 = Release|Any CPU
		{3C21F583-ADCC-4575-91AF-565DA47D6675}.Debug|Any CPU.ActiveCfg = Debug|Any CPU
		{3C21F583-ADCC-4575-91AF-565DA47D6675}.Debug|Any CPU.Build.0 = Debug|Any CPU
		{3C21F583-ADCC-4575-91AF-565DA47D6675}.Debug|x64.ActiveCfg = Debug|Any CPU
		{3C21F583-ADCC-4575-91AF-565DA47D6675}.Debug|x64.Build.0 = Debug|Any CPU
		{3C21F583-ADCC-4575-91AF-565DA47D6675}.Debug|x86.ActiveCfg = Debug|Any CPU
		{3C21F583-ADCC-4575-91AF-565DA47D6675}.Debug|x86.Build.0 = Debug|Any CPU
		{3C21F583-ADCC-4575-91AF-565DA47D6675}.Release|Any CPU.ActiveCfg = Release|Any CPU
		{3C21F583-ADCC-4575-91AF-565DA47D6675}.Release|Any CPU.Build.0 = Release|Any CPU
		{3C21F583-ADCC-4575-91AF-565DA47D6675}.Release|x64.ActiveCfg = Release|Any CPU
		{3C21F583-ADCC-4575-91AF-565DA47D6675}.Release|x64.Build.0 = Release|Any CPU
		{3C21F583-ADCC-4575-91AF-565DA47D6675}.Release|x86.ActiveCfg = Release|Any CPU
		{3C21F583-ADCC-4575-91AF-565DA47D6675}.Release|x86.Build.0 = Release|Any CPU
	EndGlobalSection
	GlobalSection(SolutionProperties) = preSolution
		HideSolutionNode = FALSE
	EndGlobalSection
	GlobalSection(NestedProjects) = preSolution
		{E80745A7-4E57-48A3-86A5-B9C69D87ADF8} = {0AB3BF05-4346-4AA6-1389-037BE0695223}
		{C8C5783E-6FE0-479F-9707-34EAF6195108} = {0AB3BF05-4346-4AA6-1389-037BE0695223}
		{07235102-BFB2-4048-8B97-0C567C323278} = {0AB3BF05-4346-4AA6-1389-037BE0695223}
		{48D09F0D-8E98-40C9-B7CE-AB4BA77B101F} = {0AB3BF05-4346-4AA6-1389-037BE0695223}
		{3C21F583-ADCC-4575-91AF-565DA47D6675} = {0AB3BF05-4346-4AA6-1389-037BE0695223}
	EndGlobalSection
	GlobalSection(ExtensibilityGlobals) = postSolution
		SolutionGuid = {9FE20B88-9024-4850-9110-752D9E5F6EEB}
	EndGlobalSection
EndGlobal
